// !$*UTF8*$!
{
	archiveVersion = 1;
	classes = {
	};
	objectVersion = 50;
	objects = {

/* Begin PBXBuildFile section */
		B45EA9CF27438990002F202D /* DBScrollListVC.m in Sources */ = {isa = PBXBuildFile; fileRef = B45EA9CE27438990002F202D /* DBScrollListVC.m */; };
		B45EA9D5274389AF002F202D /* DBScrollListView.m in Sources */ = {isa = PBXBuildFile; fileRef = B45EA9D4274389AF002F202D /* DBScrollListView.m */; };
		B49EC3622951BCDC002FE1F8 /* DBRouletteVC.m in Sources */ = {isa = PBXBuildFile; fileRef = B49EC35B2951BCDC002FE1F8 /* DBRouletteVC.m */; };
		B49EC3632951BCDC002FE1F8 /* LMCustomRouletteView.m in Sources */ = {isa = PBXBuildFile; fileRef = B49EC35E2951BCDC002FE1F8 /* LMCustomRouletteView.m */; };
		B49EC3642951BCDC002FE1F8 /* LMVoiceRoomNewRouletteContentView.m in Sources */ = {isa = PBXBuildFile; fileRef = B49EC35F2951BCDC002FE1F8 /* LMVoiceRoomNewRouletteContentView.m */; };
		B49EC36E2951BD0F002FE1F8 /* LoopScrollVC.m in Sources */ = {isa = PBXBuildFile; fileRef = B49EC3662951BD0F002FE1F8 /* LoopScrollVC.m */; };
		B49EC36F2951BD0F002FE1F8 /* LoopScrollItemView.m in Sources */ = {isa = PBXBuildFile; fileRef = B49EC3672951BD0F002FE1F8 /* LoopScrollItemView.m */; };
		B49EC3702951BD0F002FE1F8 /* PlayerView.m in Sources */ = {isa = PBXBuildFile; fileRef = B49EC3682951BD0F002FE1F8 /* PlayerView.m */; };
		B49EC3712951BD0F002FE1F8 /* PlayerVC.m in Sources */ = {isa = PBXBuildFile; fileRef = B49EC36D2951BD0F002FE1F8 /* PlayerVC.m */; };
		D50BAE5AEAC9AD674B751929 /* libPods-Tools.a in Frameworks */ = {isa = PBXBuildFile; fileRef = B88B8CCB268869A83CF107AD /* libPods-Tools.a */; };
		EC2BF1632A5937A200D22D7D /* DBTableViewCell.m in Sources */ = {isa = PBXBuildFile; fileRef = EC2BF1622A5937A200D22D7D /* DBTableViewCell.m */; };
		EC2D897D29C0276800894BE0 /* DBTextView.m in Sources */ = {isa = PBXBuildFile; fileRef = EC2D897C29C0276800894BE0 /* DBTextView.m */; };
		EC2D898029C027B300894BE0 /* DBChatTextView.m in Sources */ = {isa = PBXBuildFile; fileRef = EC2D897F29C027B300894BE0 /* DBChatTextView.m */; };
		EC5AE7062A53C4B800D6D1E1 /* pk_loading.webp in Resources */ = {isa = PBXBuildFile; fileRef = EC5AE7052A53C4B800D6D1E1 /* pk_loading.webp */; };
		EC5AE8802A57F43800D6D1E1 /* CoreText.framework in Frameworks */ = {isa = PBXBuildFile; fileRef = EC5AE87F2A57F43700D6D1E1 /* CoreText.framework */; };
		EC5AE8A52A5801C000D6D1E1 /* LMLightLabel.m in Sources */ = {isa = PBXBuildFile; fileRef = EC5AE8A42A5801C000D6D1E1 /* LMLightLabel.m */; };
		ECA9CCC12A42FC1B0051BC6E /* DBAnimationVC.m in Sources */ = {isa = PBXBuildFile; fileRef = ECA9CCC02A42FC1B0051BC6E /* DBAnimationVC.m */; };
		ECD3B5692974F94100E9E809 /* DBImageEditVC.m in Sources */ = {isa = PBXBuildFile; fileRef = ECD3B5682974F94100E9E809 /* DBImageEditVC.m */; };
		ECE62D6E2A68DF8F00259AFB /* DBThreadQueueVC.m in Sources */ = {isa = PBXBuildFile; fileRef = ECE62D6D2A68DF8F00259AFB /* DBThreadQueueVC.m */; };
		F733335F2CC2A8930075BA32 /* DBOpenGLVC.m in Sources */ = {isa = PBXBuildFile; fileRef = F73333552CC2A8930075BA32 /* DBOpenGLVC.m */; };
		F73333602CC2A8930075BA32 /* libmp3lame.a in Frameworks */ = {isa = PBXBuildFile; fileRef = F73333592CC2A8930075BA32 /* libmp3lame.a */; };
		F73333612CC2A8930075BA32 /* DBAudioPlayer.m in Sources */ = {isa = PBXBuildFile; fileRef = F733335B2CC2A8930075BA32 /* DBAudioPlayer.m */; };
		F73333622CC2A8930075BA32 /* DBRecordVC.m in Sources */ = {isa = PBXBuildFile; fileRef = F733335C2CC2A8930075BA32 /* DBRecordVC.m */; };
		F73333642CC2A9520075BA32 /* 1.jpg in Resources */ = {isa = PBXBuildFile; fileRef = F73333632CC2A9510075BA32 /* 1.jpg */; };
		F733336A2CC2A9920075BA32 /* DBCoverFlowVC.m in Sources */ = {isa = PBXBuildFile; fileRef = F73333662CC2A9920075BA32 /* DBCoverFlowVC.m */; };
		F733336B2CC2A9920075BA32 /* DBCoverFlowLayout.m in Sources */ = {isa = PBXBuildFile; fileRef = F73333692CC2A9920075BA32 /* DBCoverFlowLayout.m */; };
		F763BB5525C6EFDE00341E59 /* AppDelegate.m in Sources */ = {isa = PBXBuildFile; fileRef = F763BB5425C6EFDE00341E59 /* AppDelegate.m */; };
		F763BB5825C6EFDE00341E59 /* SceneDelegate.m in Sources */ = {isa = PBXBuildFile; fileRef = F763BB5725C6EFDE00341E59 /* SceneDelegate.m */; };
		F763BB5B25C6EFDE00341E59 /* ViewController.m in Sources */ = {isa = PBXBuildFile; fileRef = F763BB5A25C6EFDE00341E59 /* ViewController.m */; };
		F763BB5E25C6EFDE00341E59 /* Main.storyboard in Resources */ = {isa = PBXBuildFile; fileRef = F763BB5C25C6EFDE00341E59 /* Main.storyboard */; };
		F763BB6025C6EFE000341E59 /* Assets.xcassets in Resources */ = {isa = PBXBuildFile; fileRef = F763BB5F25C6EFE000341E59 /* Assets.xcassets */; };
		F763BB6325C6EFE000341E59 /* LaunchScreen.storyboard in Resources */ = {isa = PBXBuildFile; fileRef = F763BB6125C6EFE000341E59 /* LaunchScreen.storyboard */; };
		F763BB6625C6EFE000341E59 /* main.m in Sources */ = {isa = PBXBuildFile; fileRef = F763BB6525C6EFE000341E59 /* main.m */; };
		F763BB7025C6EFE000341E59 /* ToolsTests.m in Sources */ = {isa = PBXBuildFile; fileRef = F763BB6F25C6EFE000341E59 /* ToolsTests.m */; };
		F763BB7B25C6EFE000341E59 /* ToolsUITests.m in Sources */ = {isa = PBXBuildFile; fileRef = F763BB7A25C6EFE000341E59 /* ToolsUITests.m */; };
		F763BB8D25C6F24B00341E59 /* DBSafeMutableDictionary.m in Sources */ = {isa = PBXBuildFile; fileRef = F763BB8B25C6F24B00341E59 /* DBSafeMutableDictionary.m */; };
		F7A6221C29CA0621003A8023 /* OpenGLES.framework in Frameworks */ = {isa = PBXBuildFile; fileRef = F7A6221B29CA0620003A8023 /* OpenGLES.framework */; };
/* End PBXBuildFile section */

/* Begin PBXContainerItemProxy section */
		F763BB6C25C6EFE000341E59 /* PBXContainerItemProxy */ = {
			isa = PBXContainerItemProxy;
			containerPortal = F763BB4825C6EFDE00341E59 /* Project object */;
			proxyType = 1;
			remoteGlobalIDString = F763BB4F25C6EFDE00341E59;
			remoteInfo = Tools;
		};
		F763BB7725C6EFE000341E59 /* PBXContainerItemProxy */ = {
			isa = PBXContainerItemProxy;
			containerPortal = F763BB4825C6EFDE00341E59 /* Project object */;
			proxyType = 1;
			remoteGlobalIDString = F763BB4F25C6EFDE00341E59;
			remoteInfo = Tools;
		};
/* End PBXContainerItemProxy section */

/* Begin PBXFileReference section */
		0938B51F5E4591A025DFB517 /* Pods-Tools.release.xcconfig */ = {isa = PBXFileReference; includeInIndex = 1; lastKnownFileType = text.xcconfig; name = "Pods-Tools.release.xcconfig"; path = "Target Support Files/Pods-Tools/Pods-Tools.release.xcconfig"; sourceTree = "<group>"; };
		A9F71C2314106CD82661CBB5 /* Pods-Tools.debug.xcconfig */ = {isa = PBXFileReference; includeInIndex = 1; lastKnownFileType = text.xcconfig; name = "Pods-Tools.debug.xcconfig"; path = "Target Support Files/Pods-Tools/Pods-Tools.debug.xcconfig"; sourceTree = "<group>"; };
		B45EA9CD27438990002F202D /* DBScrollListVC.h */ = {isa = PBXFileReference; lastKnownFileType = sourcecode.c.h; path = DBScrollListVC.h; sourceTree = "<group>"; };
		B45EA9CE27438990002F202D /* DBScrollListVC.m */ = {isa = PBXFileReference; lastKnownFileType = sourcecode.c.objc; path = DBScrollListVC.m; sourceTree = "<group>"; };
		B45EA9D3274389AF002F202D /* DBScrollListView.h */ = {isa = PBXFileReference; lastKnownFileType = sourcecode.c.h; path = DBScrollListView.h; sourceTree = "<group>"; };
		B45EA9D4274389AF002F202D /* DBScrollListView.m */ = {isa = PBXFileReference; lastKnownFileType = sourcecode.c.objc; path = DBScrollListView.m; sourceTree = "<group>"; };
		B49EC35B2951BCDC002FE1F8 /* DBRouletteVC.m */ = {isa = PBXFileReference; fileEncoding = 4; lastKnownFileType = sourcecode.c.objc; path = DBRouletteVC.m; sourceTree = "<group>"; };
		B49EC35C2951BCDC002FE1F8 /* DBRouletteVC.h */ = {isa = PBXFileReference; fileEncoding = 4; lastKnownFileType = sourcecode.c.h; path = DBRouletteVC.h; sourceTree = "<group>"; };
		B49EC35E2951BCDC002FE1F8 /* LMCustomRouletteView.m */ = {isa = PBXFileReference; fileEncoding = 4; lastKnownFileType = sourcecode.c.objc; path = LMCustomRouletteView.m; sourceTree = "<group>"; };
		B49EC35F2951BCDC002FE1F8 /* LMVoiceRoomNewRouletteContentView.m */ = {isa = PBXFileReference; fileEncoding = 4; lastKnownFileType = sourcecode.c.objc; path = LMVoiceRoomNewRouletteContentView.m; sourceTree = "<group>"; };
		B49EC3602951BCDC002FE1F8 /* LMCustomRouletteView.h */ = {isa = PBXFileReference; fileEncoding = 4; lastKnownFileType = sourcecode.c.h; path = LMCustomRouletteView.h; sourceTree = "<group>"; };
		B49EC3612951BCDC002FE1F8 /* LMVoiceRoomNewRouletteContentView.h */ = {isa = PBXFileReference; fileEncoding = 4; lastKnownFileType = sourcecode.c.h; path = LMVoiceRoomNewRouletteContentView.h; sourceTree = "<group>"; };
		B49EC3662951BD0F002FE1F8 /* LoopScrollVC.m */ = {isa = PBXFileReference; fileEncoding = 4; lastKnownFileType = sourcecode.c.objc; path = LoopScrollVC.m; sourceTree = "<group>"; };
		B49EC3672951BD0F002FE1F8 /* LoopScrollItemView.m */ = {isa = PBXFileReference; fileEncoding = 4; lastKnownFileType = sourcecode.c.objc; path = LoopScrollItemView.m; sourceTree = "<group>"; };
		B49EC3682951BD0F002FE1F8 /* PlayerView.m */ = {isa = PBXFileReference; fileEncoding = 4; lastKnownFileType = sourcecode.c.objc; path = PlayerView.m; sourceTree = "<group>"; };
		B49EC3692951BD0F002FE1F8 /* PlayerVC.h */ = {isa = PBXFileReference; fileEncoding = 4; lastKnownFileType = sourcecode.c.h; path = PlayerVC.h; sourceTree = "<group>"; };
		B49EC36A2951BD0F002FE1F8 /* LoopScrollVC.h */ = {isa = PBXFileReference; fileEncoding = 4; lastKnownFileType = sourcecode.c.h; path = LoopScrollVC.h; sourceTree = "<group>"; };
		B49EC36B2951BD0F002FE1F8 /* LoopScrollItemView.h */ = {isa = PBXFileReference; fileEncoding = 4; lastKnownFileType = sourcecode.c.h; path = LoopScrollItemView.h; sourceTree = "<group>"; };
		B49EC36C2951BD0F002FE1F8 /* PlayerView.h */ = {isa = PBXFileReference; fileEncoding = 4; lastKnownFileType = sourcecode.c.h; path = PlayerView.h; sourceTree = "<group>"; };
		B49EC36D2951BD0F002FE1F8 /* PlayerVC.m */ = {isa = PBXFileReference; fileEncoding = 4; lastKnownFileType = sourcecode.c.objc; path = PlayerVC.m; sourceTree = "<group>"; };
		B88B8CCB268869A83CF107AD /* libPods-Tools.a */ = {isa = PBXFileReference; explicitFileType = archive.ar; includeInIndex = 0; path = "libPods-Tools.a"; sourceTree = BUILT_PRODUCTS_DIR; };
		EC2BF1612A5937A200D22D7D /* DBTableViewCell.h */ = {isa = PBXFileReference; lastKnownFileType = sourcecode.c.h; path = DBTableViewCell.h; sourceTree = "<group>"; };
		EC2BF1622A5937A200D22D7D /* DBTableViewCell.m */ = {isa = PBXFileReference; lastKnownFileType = sourcecode.c.objc; path = DBTableViewCell.m; sourceTree = "<group>"; };
		EC2D897B29C0276700894BE0 /* DBTextView.h */ = {isa = PBXFileReference; lastKnownFileType = sourcecode.c.h; path = DBTextView.h; sourceTree = "<group>"; };
		EC2D897C29C0276800894BE0 /* DBTextView.m */ = {isa = PBXFileReference; lastKnownFileType = sourcecode.c.objc; path = DBTextView.m; sourceTree = "<group>"; };
		EC2D897E29C027B300894BE0 /* DBChatTextView.h */ = {isa = PBXFileReference; lastKnownFileType = sourcecode.c.h; path = DBChatTextView.h; sourceTree = "<group>"; };
		EC2D897F29C027B300894BE0 /* DBChatTextView.m */ = {isa = PBXFileReference; lastKnownFileType = sourcecode.c.objc; path = DBChatTextView.m; sourceTree = "<group>"; };
		EC5AE7052A53C4B800D6D1E1 /* pk_loading.webp */ = {isa = PBXFileReference; lastKnownFileType = file; path = pk_loading.webp; sourceTree = "<group>"; };
		EC5AE87F2A57F43700D6D1E1 /* CoreText.framework */ = {isa = PBXFileReference; lastKnownFileType = wrapper.framework; name = CoreText.framework; path = System/Library/Frameworks/CoreText.framework; sourceTree = SDKROOT; };
		EC5AE8A32A5801BF00D6D1E1 /* LMLightLabel.h */ = {isa = PBXFileReference; fileEncoding = 4; lastKnownFileType = sourcecode.c.h; path = LMLightLabel.h; sourceTree = "<group>"; };
		EC5AE8A42A5801C000D6D1E1 /* LMLightLabel.m */ = {isa = PBXFileReference; fileEncoding = 4; lastKnownFileType = sourcecode.c.objc; path = LMLightLabel.m; sourceTree = "<group>"; };
		ECA9CCBF2A42FC1B0051BC6E /* DBAnimationVC.h */ = {isa = PBXFileReference; lastKnownFileType = sourcecode.c.h; path = DBAnimationVC.h; sourceTree = "<group>"; };
		ECA9CCC02A42FC1B0051BC6E /* DBAnimationVC.m */ = {isa = PBXFileReference; lastKnownFileType = sourcecode.c.objc; path = DBAnimationVC.m; sourceTree = "<group>"; };
		ECD3B5672974F94100E9E809 /* DBImageEditVC.h */ = {isa = PBXFileReference; lastKnownFileType = sourcecode.c.h; path = DBImageEditVC.h; sourceTree = "<group>"; };
		ECD3B5682974F94100E9E809 /* DBImageEditVC.m */ = {isa = PBXFileReference; lastKnownFileType = sourcecode.c.objc; path = DBImageEditVC.m; sourceTree = "<group>"; };
		ECE62D6C2A68DF8F00259AFB /* DBThreadQueueVC.h */ = {isa = PBXFileReference; lastKnownFileType = sourcecode.c.h; path = DBThreadQueueVC.h; sourceTree = "<group>"; };
		ECE62D6D2A68DF8F00259AFB /* DBThreadQueueVC.m */ = {isa = PBXFileReference; lastKnownFileType = sourcecode.c.objc; path = DBThreadQueueVC.m; sourceTree = "<group>"; };
		F73333552CC2A8930075BA32 /* DBOpenGLVC.m */ = {isa = PBXFileReference; fileEncoding = 4; lastKnownFileType = sourcecode.c.objc; path = DBOpenGLVC.m; sourceTree = "<group>"; };
		F73333562CC2A8930075BA32 /* DBOpenGLVC.h */ = {isa = PBXFileReference; fileEncoding = 4; lastKnownFileType = sourcecode.c.h; path = DBOpenGLVC.h; sourceTree = "<group>"; };
		F73333592CC2A8930075BA32 /* libmp3lame.a */ = {isa = PBXFileReference; lastKnownFileType = archive.ar; path = libmp3lame.a; sourceTree = "<group>"; };
		F733335A2CC2A8930075BA32 /* lame.h */ = {isa = PBXFileReference; fileEncoding = 4; lastKnownFileType = sourcecode.c.h; path = lame.h; sourceTree = "<group>"; };
		F733335B2CC2A8930075BA32 /* DBAudioPlayer.m */ = {isa = PBXFileReference; fileEncoding = 4; lastKnownFileType = sourcecode.c.objc; path = DBAudioPlayer.m; sourceTree = "<group>"; };
		F733335C2CC2A8930075BA32 /* DBRecordVC.m */ = {isa = PBXFileReference; fileEncoding = 4; lastKnownFileType = sourcecode.c.objc; path = DBRecordVC.m; sourceTree = "<group>"; };
		F733335D2CC2A8930075BA32 /* DBAudioPlayer.h */ = {isa = PBXFileReference; fileEncoding = 4; lastKnownFileType = sourcecode.c.h; path = DBAudioPlayer.h; sourceTree = "<group>"; };
		F733335E2CC2A8930075BA32 /* DBRecordVC.h */ = {isa = PBXFileReference; fileEncoding = 4; lastKnownFileType = sourcecode.c.h; path = DBRecordVC.h; sourceTree = "<group>"; };
		F73333632CC2A9510075BA32 /* 1.jpg */ = {isa = PBXFileReference; lastKnownFileType = image.jpeg; path = 1.jpg; sourceTree = "<group>"; };
		F73333662CC2A9920075BA32 /* DBCoverFlowVC.m */ = {isa = PBXFileReference; fileEncoding = 4; lastKnownFileType = sourcecode.c.objc; path = DBCoverFlowVC.m; sourceTree = "<group>"; };
		F73333672CC2A9920075BA32 /* DBCoverFlowLayout.h */ = {isa = PBXFileReference; fileEncoding = 4; lastKnownFileType = sourcecode.c.h; path = DBCoverFlowLayout.h; sourceTree = "<group>"; };
		F73333682CC2A9920075BA32 /* DBCoverFlowVC.h */ = {isa = PBXFileReference; fileEncoding = 4; lastKnownFileType = sourcecode.c.h; path = DBCoverFlowVC.h; sourceTree = "<group>"; };
		F73333692CC2A9920075BA32 /* DBCoverFlowLayout.m */ = {isa = PBXFileReference; fileEncoding = 4; lastKnownFileType = sourcecode.c.objc; path = DBCoverFlowLayout.m; sourceTree = "<group>"; };
		F763BB5025C6EFDE00341E59 /* Tools.app */ = {isa = PBXFileReference; explicitFileType = wrapper.application; includeInIndex = 0; path = Tools.app; sourceTree = BUILT_PRODUCTS_DIR; };
		F763BB5325C6EFDE00341E59 /* AppDelegate.h */ = {isa = PBXFileReference; lastKnownFileType = sourcecode.c.h; path = AppDelegate.h; sourceTree = "<group>"; };
		F763BB5425C6EFDE00341E59 /* AppDelegate.m */ = {isa = PBXFileReference; lastKnownFileType = sourcecode.c.objc; path = AppDelegate.m; sourceTree = "<group>"; };
		F763BB5625C6EFDE00341E59 /* SceneDelegate.h */ = {isa = PBXFileReference; lastKnownFileType = sourcecode.c.h; path = SceneDelegate.h; sourceTree = "<group>"; };
		F763BB5725C6EFDE00341E59 /* SceneDelegate.m */ = {isa = PBXFileReference; lastKnownFileType = sourcecode.c.objc; path = SceneDelegate.m; sourceTree = "<group>"; };
		F763BB5925C6EFDE00341E59 /* ViewController.h */ = {isa = PBXFileReference; lastKnownFileType = sourcecode.c.h; path = ViewController.h; sourceTree = "<group>"; };
		F763BB5A25C6EFDE00341E59 /* ViewController.m */ = {isa = PBXFileReference; lastKnownFileType = sourcecode.c.objc; path = ViewController.m; sourceTree = "<group>"; };
		F763BB5D25C6EFDE00341E59 /* Base */ = {isa = PBXFileReference; lastKnownFileType = file.storyboard; name = Base; path = Base.lproj/Main.storyboard; sourceTree = "<group>"; };
		F763BB5F25C6EFE000341E59 /* Assets.xcassets */ = {isa = PBXFileReference; lastKnownFileType = folder.assetcatalog; path = Assets.xcassets; sourceTree = "<group>"; };
		F763BB6225C6EFE000341E59 /* Base */ = {isa = PBXFileReference; lastKnownFileType = file.storyboard; name = Base; path = Base.lproj/LaunchScreen.storyboard; sourceTree = "<group>"; };
		F763BB6425C6EFE000341E59 /* Info.plist */ = {isa = PBXFileReference; lastKnownFileType = text.plist.xml; path = Info.plist; sourceTree = "<group>"; };
		F763BB6525C6EFE000341E59 /* main.m */ = {isa = PBXFileReference; lastKnownFileType = sourcecode.c.objc; path = main.m; sourceTree = "<group>"; };
		F763BB6B25C6EFE000341E59 /* ToolsTests.xctest */ = {isa = PBXFileReference; explicitFileType = wrapper.cfbundle; includeInIndex = 0; path = ToolsTests.xctest; sourceTree = BUILT_PRODUCTS_DIR; };
		F763BB6F25C6EFE000341E59 /* ToolsTests.m */ = {isa = PBXFileReference; lastKnownFileType = sourcecode.c.objc; path = ToolsTests.m; sourceTree = "<group>"; };
		F763BB7125C6EFE000341E59 /* Info.plist */ = {isa = PBXFileReference; lastKnownFileType = text.plist.xml; path = Info.plist; sourceTree = "<group>"; };
		F763BB7625C6EFE000341E59 /* ToolsUITests.xctest */ = {isa = PBXFileReference; explicitFileType = wrapper.cfbundle; includeInIndex = 0; path = ToolsUITests.xctest; sourceTree = BUILT_PRODUCTS_DIR; };
		F763BB7A25C6EFE000341E59 /* ToolsUITests.m */ = {isa = PBXFileReference; lastKnownFileType = sourcecode.c.objc; path = ToolsUITests.m; sourceTree = "<group>"; };
		F763BB7C25C6EFE000341E59 /* Info.plist */ = {isa = PBXFileReference; lastKnownFileType = text.plist.xml; path = Info.plist; sourceTree = "<group>"; };
		F763BB8B25C6F24B00341E59 /* DBSafeMutableDictionary.m */ = {isa = PBXFileReference; fileEncoding = 4; lastKnownFileType = sourcecode.c.objc; path = DBSafeMutableDictionary.m; sourceTree = "<group>"; };
		F763BB8C25C6F24B00341E59 /* DBSafeMutableDictionary.h */ = {isa = PBXFileReference; fileEncoding = 4; lastKnownFileType = sourcecode.c.h; path = DBSafeMutableDictionary.h; sourceTree = "<group>"; };
		F7A6221B29CA0620003A8023 /* OpenGLES.framework */ = {isa = PBXFileReference; lastKnownFileType = wrapper.framework; name = OpenGLES.framework; path = System/Library/Frameworks/OpenGLES.framework; sourceTree = SDKROOT; };
/* End PBXFileReference section */

/* Begin PBXFrameworksBuildPhase section */
		F763BB4D25C6EFDE00341E59 /* Frameworks */ = {
			isa = PBXFrameworksBuildPhase;
			buildActionMask = 2147483647;
			files = (
				EC5AE8802A57F43800D6D1E1 /* CoreText.framework in Frameworks */,
				F73333602CC2A8930075BA32 /* libmp3lame.a in Frameworks */,
				D50BAE5AEAC9AD674B751929 /* libPods-Tools.a in Frameworks */,
				F7A6221C29CA0621003A8023 /* OpenGLES.framework in Frameworks */,
			);
			runOnlyForDeploymentPostprocessing = 0;
		};
		F763BB6825C6EFE000341E59 /* Frameworks */ = {
			isa = PBXFrameworksBuildPhase;
			buildActionMask = 2147483647;
			files = (
			);
			runOnlyForDeploymentPostprocessing = 0;
		};
		F763BB7325C6EFE000341E59 /* Frameworks */ = {
			isa = PBXFrameworksBuildPhase;
			buildActionMask = 2147483647;
			files = (
			);
			runOnlyForDeploymentPostprocessing = 0;
		};
/* End PBXFrameworksBuildPhase section */

/* Begin PBXGroup section */
		092D56701DD2298BD2BA1C49 /* Pods */ = {
			isa = PBXGroup;
			children = (
				A9F71C2314106CD82661CBB5 /* Pods-Tools.debug.xcconfig */,
				0938B51F5E4591A025DFB517 /* Pods-Tools.release.xcconfig */,
			);
			path = Pods;
			sourceTree = "<group>";
		};
		590D7499D56C022A44BEC5C1 /* Frameworks */ = {
			isa = PBXGroup;
			children = (
				EC5AE87F2A57F43700D6D1E1 /* CoreText.framework */,
				F7A6221B29CA0620003A8023 /* OpenGLES.framework */,
				B88B8CCB268869A83CF107AD /* libPods-Tools.a */,
			);
			name = Frameworks;
			sourceTree = "<group>";
		};
		B45EA9C627438902002F202D /* ScrolList */ = {
			isa = PBXGroup;
			children = (
				B45EA9CD27438990002F202D /* DBScrollListVC.h */,
				B45EA9CE27438990002F202D /* DBScrollListVC.m */,
				B45EA9D3274389AF002F202D /* DBScrollListView.h */,
				B45EA9D4274389AF002F202D /* DBScrollListView.m */,
			);
			path = ScrolList;
			sourceTree = "<group>";
		};
		B49EC35A2951BCDC002FE1F8 /* Roulette */ = {
			isa = PBXGroup;
			children = (
				B49EC35B2951BCDC002FE1F8 /* DBRouletteVC.m */,
				B49EC35C2951BCDC002FE1F8 /* DBRouletteVC.h */,
				B49EC35D2951BCDC002FE1F8 /* View */,
			);
			path = Roulette;
			sourceTree = "<group>";
		};
		B49EC35D2951BCDC002FE1F8 /* View */ = {
			isa = PBXGroup;
			children = (
				B49EC35E2951BCDC002FE1F8 /* LMCustomRouletteView.m */,
				B49EC35F2951BCDC002FE1F8 /* LMVoiceRoomNewRouletteContentView.m */,
				B49EC3602951BCDC002FE1F8 /* LMCustomRouletteView.h */,
				B49EC3612951BCDC002FE1F8 /* LMVoiceRoomNewRouletteContentView.h */,
			);
			path = View;
			sourceTree = "<group>";
		};
		B49EC3652951BD0F002FE1F8 /* LoopScroll */ = {
			isa = PBXGroup;
			children = (
				B49EC3662951BD0F002FE1F8 /* LoopScrollVC.m */,
				B49EC3672951BD0F002FE1F8 /* LoopScrollItemView.m */,
				B49EC3682951BD0F002FE1F8 /* PlayerView.m */,
				B49EC3692951BD0F002FE1F8 /* PlayerVC.h */,
				B49EC36A2951BD0F002FE1F8 /* LoopScrollVC.h */,
				B49EC36B2951BD0F002FE1F8 /* LoopScrollItemView.h */,
				B49EC36C2951BD0F002FE1F8 /* PlayerView.h */,
				B49EC36D2951BD0F002FE1F8 /* PlayerVC.m */,
			);
			path = LoopScroll;
			sourceTree = "<group>";
		};
		EC2D897A29C0273300894BE0 /* TextView */ = {
			isa = PBXGroup;
			children = (
				EC2D897B29C0276700894BE0 /* DBTextView.h */,
				EC2D897C29C0276800894BE0 /* DBTextView.m */,
				EC2D897E29C027B300894BE0 /* DBChatTextView.h */,
				EC2D897F29C027B300894BE0 /* DBChatTextView.m */,
			);
			path = TextView;
			sourceTree = "<group>";
		};
		ECA9CCBE2A42FC040051BC6E /* Animation */ = {
			isa = PBXGroup;
			children = (
				ECA9CCBF2A42FC1B0051BC6E /* DBAnimationVC.h */,
				ECA9CCC02A42FC1B0051BC6E /* DBAnimationVC.m */,
				EC2BF1612A5937A200D22D7D /* DBTableViewCell.h */,
				EC2BF1622A5937A200D22D7D /* DBTableViewCell.m */,
			);
			path = Animation;
			sourceTree = "<group>";
		};
		ECD3B5662974F91900E9E809 /* ImageEdit */ = {
			isa = PBXGroup;
			children = (
				ECD3B5672974F94100E9E809 /* DBImageEditVC.h */,
				ECD3B5682974F94100E9E809 /* DBImageEditVC.m */,
			);
			path = ImageEdit;
			sourceTree = "<group>";
		};
		F73333542CC2A8930075BA32 /* OpenGL */ = {
			isa = PBXGroup;
			children = (
				F73333552CC2A8930075BA32 /* DBOpenGLVC.m */,
				F73333562CC2A8930075BA32 /* DBOpenGLVC.h */,
				F73333632CC2A9510075BA32 /* 1.jpg */,
			);
			path = OpenGL;
			sourceTree = "<group>";
		};
		F73333572CC2A8930075BA32 /* Record */ = {
			isa = PBXGroup;
			children = (
				F73333582CC2A8930075BA32 /* framework */,
				F733335B2CC2A8930075BA32 /* DBAudioPlayer.m */,
				F733335C2CC2A8930075BA32 /* DBRecordVC.m */,
				F733335D2CC2A8930075BA32 /* DBAudioPlayer.h */,
				F733335E2CC2A8930075BA32 /* DBRecordVC.h */,
			);
			path = Record;
			sourceTree = "<group>";
		};
		F73333582CC2A8930075BA32 /* framework */ = {
			isa = PBXGroup;
			children = (
				F73333592CC2A8930075BA32 /* libmp3lame.a */,
				F733335A2CC2A8930075BA32 /* lame.h */,
			);
			path = framework;
			sourceTree = "<group>";
		};
		F73333652CC2A9920075BA32 /* CoverFlow */ = {
			isa = PBXGroup;
			children = (
				F73333662CC2A9920075BA32 /* DBCoverFlowVC.m */,
				F73333672CC2A9920075BA32 /* DBCoverFlowLayout.h */,
				F73333682CC2A9920075BA32 /* DBCoverFlowVC.h */,
				F73333692CC2A9920075BA32 /* DBCoverFlowLayout.m */,
			);
			path = CoverFlow;
			sourceTree = "<group>";
		};
		F763BB4725C6EFDE00341E59 = {
			isa = PBXGroup;
			children = (
				F763BB5225C6EFDE00341E59 /* Tools */,
				F763BB6E25C6EFE000341E59 /* ToolsTests */,
				F763BB7925C6EFE000341E59 /* ToolsUITests */,
				F763BB5125C6EFDE00341E59 /* Products */,
				092D56701DD2298BD2BA1C49 /* Pods */,
				590D7499D56C022A44BEC5C1 /* Frameworks */,
			);
			sourceTree = "<group>";
		};
		F763BB5125C6EFDE00341E59 /* Products */ = {
			isa = PBXGroup;
			children = (
				F763BB5025C6EFDE00341E59 /* Tools.app */,
				F763BB6B25C6EFE000341E59 /* ToolsTests.xctest */,
				F763BB7625C6EFE000341E59 /* ToolsUITests.xctest */,
			);
			name = Products;
			sourceTree = "<group>";
		};
		F763BB5225C6EFDE00341E59 /* Tools */ = {
			isa = PBXGroup;
			children = (
				F763BB5325C6EFDE00341E59 /* AppDelegate.h */,
				F763BB5425C6EFDE00341E59 /* AppDelegate.m */,
				F763BB5625C6EFDE00341E59 /* SceneDelegate.h */,
				F763BB5725C6EFDE00341E59 /* SceneDelegate.m */,
				F763BB5925C6EFDE00341E59 /* ViewController.h */,
				F763BB5A25C6EFDE00341E59 /* ViewController.m */,
				EC5AE8A32A5801BF00D6D1E1 /* LMLightLabel.h */,
				EC5AE8A42A5801C000D6D1E1 /* LMLightLabel.m */,
				ECE62D6C2A68DF8F00259AFB /* DBThreadQueueVC.h */,
				ECE62D6D2A68DF8F00259AFB /* DBThreadQueueVC.m */,
				F73333652CC2A9920075BA32 /* CoverFlow */,
				F73333542CC2A8930075BA32 /* OpenGL */,
				F73333572CC2A8930075BA32 /* Record */,
				ECA9CCBE2A42FC040051BC6E /* Animation */,
				EC2D897A29C0273300894BE0 /* TextView */,
				ECD3B5662974F91900E9E809 /* ImageEdit */,
				B49EC3652951BD0F002FE1F8 /* LoopScroll */,
				B49EC35A2951BCDC002FE1F8 /* Roulette */,
				B45EA9C627438902002F202D /* ScrolList */,
				F763BB8C25C6F24B00341E59 /* DBSafeMutableDictionary.h */,
				F763BB8B25C6F24B00341E59 /* DBSafeMutableDictionary.m */,
				F763BB5C25C6EFDE00341E59 /* Main.storyboard */,
				F763BB5F25C6EFE000341E59 /* Assets.xcassets */,
				F763BB6125C6EFE000341E59 /* LaunchScreen.storyboard */,
				F763BB6425C6EFE000341E59 /* Info.plist */,
				EC5AE7052A53C4B800D6D1E1 /* pk_loading.webp */,
				F763BB6525C6EFE000341E59 /* main.m */,
			);
			path = Tools;
			sourceTree = "<group>";
		};
		F763BB6E25C6EFE000341E59 /* ToolsTests */ = {
			isa = PBXGroup;
			children = (
				F763BB6F25C6EFE000341E59 /* ToolsTests.m */,
				F763BB7125C6EFE000341E59 /* Info.plist */,
			);
			path = ToolsTests;
			sourceTree = "<group>";
		};
		F763BB7925C6EFE000341E59 /* ToolsUITests */ = {
			isa = PBXGroup;
			children = (
				F763BB7A25C6EFE000341E59 /* ToolsUITests.m */,
				F763BB7C25C6EFE000341E59 /* Info.plist */,
			);
			path = ToolsUITests;
			sourceTree = "<group>";
		};
/* End PBXGroup section */

/* Begin PBXNativeTarget section */
		F763BB4F25C6EFDE00341E59 /* Tools */ = {
			isa = PBXNativeTarget;
			buildConfigurationList = F763BB7F25C6EFE000341E59 /* Build configuration list for PBXNativeTarget "Tools" */;
			buildPhases = (
				54CD236833BD044A0DCF8EFA /* [CP] Check Pods Manifest.lock */,
				F763BB4C25C6EFDE00341E59 /* Sources */,
				F763BB4D25C6EFDE00341E59 /* Frameworks */,
				F763BB4E25C6EFDE00341E59 /* Resources */,
			);
			buildRules = (
			);
			dependencies = (
			);
			name = Tools;
			productName = Tools;
			productReference = F763BB5025C6EFDE00341E59 /* Tools.app */;
			productType = "com.apple.product-type.application";
		};
		F763BB6A25C6EFE000341E59 /* ToolsTests */ = {
			isa = PBXNativeTarget;
			buildConfigurationList = F763BB8225C6EFE000341E59 /* Build configuration list for PBXNativeTarget "ToolsTests" */;
			buildPhases = (
				F763BB6725C6EFE000341E59 /* Sources */,
				F763BB6825C6EFE000341E59 /* Frameworks */,
				F763BB6925C6EFE000341E59 /* Resources */,
			);
			buildRules = (
			);
			dependencies = (
				F763BB6D25C6EFE000341E59 /* PBXTargetDependency */,
			);
			name = ToolsTests;
			productName = ToolsTests;
			productReference = F763BB6B25C6EFE000341E59 /* ToolsTests.xctest */;
			productType = "com.apple.product-type.bundle.unit-test";
		};
		F763BB7525C6EFE000341E59 /* ToolsUITests */ = {
			isa = PBXNativeTarget;
			buildConfigurationList = F763BB8525C6EFE000341E59 /* Build configuration list for PBXNativeTarget "ToolsUITests" */;
			buildPhases = (
				F763BB7225C6EFE000341E59 /* Sources */,
				F763BB7325C6EFE000341E59 /* Frameworks */,
				F763BB7425C6EFE000341E59 /* Resources */,
			);
			buildRules = (
			);
			dependencies = (
				F763BB7825C6EFE000341E59 /* PBXTargetDependency */,
			);
			name = ToolsUITests;
			productName = ToolsUITests;
			productReference = F763BB7625C6EFE000341E59 /* ToolsUITests.xctest */;
			productType = "com.apple.product-type.bundle.ui-testing";
		};
/* End PBXNativeTarget section */

/* Begin PBXProject section */
		F763BB4825C6EFDE00341E59 /* Project object */ = {
			isa = PBXProject;
			attributes = {
				LastUpgradeCheck = 1230;
				TargetAttributes = {
					F763BB4F25C6EFDE00341E59 = {
						CreatedOnToolsVersion = 12.3;
					};
					F763BB6A25C6EFE000341E59 = {
						CreatedOnToolsVersion = 12.3;
						TestTargetID = F763BB4F25C6EFDE00341E59;
					};
					F763BB7525C6EFE000341E59 = {
						CreatedOnToolsVersion = 12.3;
						TestTargetID = F763BB4F25C6EFDE00341E59;
					};
				};
			};
			buildConfigurationList = F763BB4B25C6EFDE00341E59 /* Build configuration list for PBXProject "Tools" */;
			compatibilityVersion = "Xcode 9.3";
			developmentRegion = en;
			hasScannedForEncodings = 0;
			knownRegions = (
				en,
				Base,
			);
			mainGroup = F763BB4725C6EFDE00341E59;
			productRefGroup = F763BB5125C6EFDE00341E59 /* Products */;
			projectDirPath = "";
			projectRoot = "";
			targets = (
				F763BB4F25C6EFDE00341E59 /* Tools */,
				F763BB6A25C6EFE000341E59 /* ToolsTests */,
				F763BB7525C6EFE000341E59 /* ToolsUITests */,
			);
		};
/* End PBXProject section */

/* Begin PBXResourcesBuildPhase section */
		F763BB4E25C6EFDE00341E59 /* Resources */ = {
			isa = PBXResourcesBuildPhase;
			buildActionMask = 2147483647;
			files = (
				F763BB6325C6EFE000341E59 /* LaunchScreen.storyboard in Resources */,
				F763BB6025C6EFE000341E59 /* Assets.xcassets in Resources */,
				F763BB5E25C6EFDE00341E59 /* Main.storyboard in Resources */,
				F73333642CC2A9520075BA32 /* 1.jpg in Resources */,
				EC5AE7062A53C4B800D6D1E1 /* pk_loading.webp in Resources */,
			);
			runOnlyForDeploymentPostprocessing = 0;
		};
		F763BB6925C6EFE000341E59 /* Resources */ = {
			isa = PBXResourcesBuildPhase;
			buildActionMask = 2147483647;
			files = (
			);
			runOnlyForDeploymentPostprocessing = 0;
		};
		F763BB7425C6EFE000341E59 /* Resources */ = {
			isa = PBXResourcesBuildPhase;
			buildActionMask = 2147483647;
			files = (
			);
			runOnlyForDeploymentPostprocessing = 0;
		};
/* End PBXResourcesBuildPhase section */

/* Begin PBXShellScriptBuildPhase section */
		54CD236833BD044A0DCF8EFA /* [CP] Check Pods Manifest.lock */ = {
			isa = PBXShellScriptBuildPhase;
			buildActionMask = 2147483647;
			files = (
			);
			inputFileListPaths = (
			);
			inputPaths = (
				"${PODS_PODFILE_DIR_PATH}/Podfile.lock",
				"${PODS_ROOT}/Manifest.lock",
			);
			name = "[CP] Check Pods Manifest.lock";
			outputFileListPaths = (
			);
			outputPaths = (
				"$(DERIVED_FILE_DIR)/Pods-Tools-checkManifestLockResult.txt",
			);
			runOnlyForDeploymentPostprocessing = 0;
			shellPath = /bin/sh;
			shellScript = "diff \"${PODS_PODFILE_DIR_PATH}/Podfile.lock\" \"${PODS_ROOT}/Manifest.lock\" > /dev/null\nif [ $? != 0 ] ; then\n    # print error to STDERR\n    echo \"error: The sandbox is not in sync with the Podfile.lock. Run 'pod install' or update your CocoaPods installation.\" >&2\n    exit 1\nfi\n# This output is used by Xcode 'outputs' to avoid re-running this script phase.\necho \"SUCCESS\" > \"${SCRIPT_OUTPUT_FILE_0}\"\n";
			showEnvVarsInLog = 0;
		};
/* End PBXShellScriptBuildPhase section */

/* Begin PBXSourcesBuildPhase section */
		F763BB4C25C6EFDE00341E59 /* Sources */ = {
			isa = PBXSourcesBuildPhase;
			buildActionMask = 2147483647;
			files = (
				F763BB8D25C6F24B00341E59 /* DBSafeMutableDictionary.m in Sources */,
				EC2BF1632A5937A200D22D7D /* DBTableViewCell.m in Sources */,
				B49EC3632951BCDC002FE1F8 /* LMCustomRouletteView.m in Sources */,
				ECE62D6E2A68DF8F00259AFB /* DBThreadQueueVC.m in Sources */,
				F763BB5B25C6EFDE00341E59 /* ViewController.m in Sources */,
				EC2D898029C027B300894BE0 /* DBChatTextView.m in Sources */,
				B49EC3712951BD0F002FE1F8 /* PlayerVC.m in Sources */,
				F73333612CC2A8930075BA32 /* DBAudioPlayer.m in Sources */,
				B45EA9CF27438990002F202D /* DBScrollListVC.m in Sources */,
				B49EC3702951BD0F002FE1F8 /* PlayerView.m in Sources */,
				B49EC36E2951BD0F002FE1F8 /* LoopScrollVC.m in Sources */,
				ECD3B5692974F94100E9E809 /* DBImageEditVC.m in Sources */,
				F763BB5525C6EFDE00341E59 /* AppDelegate.m in Sources */,
				B49EC36F2951BD0F002FE1F8 /* LoopScrollItemView.m in Sources */,
				B49EC3622951BCDC002FE1F8 /* DBRouletteVC.m in Sources */,
				B45EA9D5274389AF002F202D /* DBScrollListView.m in Sources */,
				F763BB6625C6EFE000341E59 /* main.m in Sources */,
				F733336B2CC2A9920075BA32 /* DBCoverFlowLayout.m in Sources */,
				EC2D897D29C0276800894BE0 /* DBTextView.m in Sources */,
				F73333622CC2A8930075BA32 /* DBRecordVC.m in Sources */,
				EC5AE8A52A5801C000D6D1E1 /* LMLightLabel.m in Sources */,
				ECA9CCC12A42FC1B0051BC6E /* DBAnimationVC.m in Sources */,
				B49EC3642951BCDC002FE1F8 /* LMVoiceRoomNewRouletteContentView.m in Sources */,
				F733335F2CC2A8930075BA32 /* DBOpenGLVC.m in Sources */,
				F763BB5825C6EFDE00341E59 /* SceneDelegate.m in Sources */,
				F733336A2CC2A9920075BA32 /* DBCoverFlowVC.m in Sources */,
			);
			runOnlyForDeploymentPostprocessing = 0;
		};
		F763BB6725C6EFE000341E59 /* Sources */ = {
			isa = PBXSourcesBuildPhase;
			buildActionMask = 2147483647;
			files = (
				F763BB7025C6EFE000341E59 /* ToolsTests.m in Sources */,
			);
			runOnlyForDeploymentPostprocessing = 0;
		};
		F763BB7225C6EFE000341E59 /* Sources */ = {
			isa = PBXSourcesBuildPhase;
			buildActionMask = 2147483647;
			files = (
				F763BB7B25C6EFE000341E59 /* ToolsUITests.m in Sources */,
			);
			runOnlyForDeploymentPostprocessing = 0;
		};
/* End PBXSourcesBuildPhase section */

/* Begin PBXTargetDependency section */
		F763BB6D25C6EFE000341E59 /* PBXTargetDependency */ = {
			isa = PBXTargetDependency;
			target = F763BB4F25C6EFDE00341E59 /* Tools */;
			targetProxy = F763BB6C25C6EFE000341E59 /* PBXContainerItemProxy */;
		};
		F763BB7825C6EFE000341E59 /* PBXTargetDependency */ = {
			isa = PBXTargetDependency;
			target = F763BB4F25C6EFDE00341E59 /* Tools */;
			targetProxy = F763BB7725C6EFE000341E59 /* PBXContainerItemProxy */;
		};
/* End PBXTargetDependency section */

/* Begin PBXVariantGroup section */
		F763BB5C25C6EFDE00341E59 /* Main.storyboard */ = {
			isa = PBXVariantGroup;
			children = (
				F763BB5D25C6EFDE00341E59 /* Base */,
			);
			name = Main.storyboard;
			sourceTree = "<group>";
		};
		F763BB6125C6EFE000341E59 /* LaunchScreen.storyboard */ = {
			isa = PBXVariantGroup;
			children = (
				F763BB6225C6EFE000341E59 /* Base */,
			);
			name = LaunchScreen.storyboard;
			sourceTree = "<group>";
		};
/* End PBXVariantGroup section */

/* Begin XCBuildConfiguration section */
		F763BB7D25C6EFE000341E59 /* Debug */ = {
			isa = XCBuildConfiguration;
			buildSettings = {
				ALWAYS_SEARCH_USER_PATHS = NO;
				CLANG_ANALYZER_NONNULL = YES;
				CLANG_ANALYZER_NUMBER_OBJECT_CONVERSION = YES_AGGRESSIVE;
				CLANG_CXX_LANGUAGE_STANDARD = "gnu++14";
				CLANG_CXX_LIBRARY = "libc++";
				CLANG_ENABLE_MODULES = YES;
				CLANG_ENABLE_OBJC_ARC = YES;
				CLANG_ENABLE_OBJC_WEAK = YES;
				CLANG_WARN_BLOCK_CAPTURE_AUTORELEASING = YES;
				CLANG_WARN_BOOL_CONVERSION = YES;
				CLANG_WARN_COMMA = YES;
				CLANG_WARN_CONSTANT_CONVERSION = YES;
				CLANG_WARN_DEPRECATED_OBJC_IMPLEMENTATIONS = YES;
				CLANG_WARN_DIRECT_OBJC_ISA_USAGE = YES_ERROR;
				CLANG_WARN_DOCUMENTATION_COMMENTS = YES;
				CLANG_WARN_EMPTY_BODY = YES;
				CLANG_WARN_ENUM_CONVERSION = YES;
				CLANG_WARN_INFINITE_RECURSION = YES;
				CLANG_WARN_INT_CONVERSION = YES;
				CLANG_WARN_NON_LITERAL_NULL_CONVERSION = YES;
				CLANG_WARN_OBJC_IMPLICIT_RETAIN_SELF = YES;
				CLANG_WARN_OBJC_LITERAL_CONVERSION = YES;
				CLANG_WARN_OBJC_ROOT_CLASS = YES_ERROR;
				CLANG_WARN_QUOTED_INCLUDE_IN_FRAMEWORK_HEADER = YES;
				CLANG_WARN_RANGE_LOOP_ANALYSIS = YES;
				CLANG_WARN_STRICT_PROTOTYPES = YES;
				CLANG_WARN_SUSPICIOUS_MOVE = YES;
				CLANG_WARN_UNGUARDED_AVAILABILITY = YES_AGGRESSIVE;
				CLANG_WARN_UNREACHABLE_CODE = YES;
				CLANG_WARN__DUPLICATE_METHOD_MATCH = YES;
				COPY_PHASE_STRIP = NO;
				DEBUG_INFORMATION_FORMAT = dwarf;
				ENABLE_STRICT_OBJC_MSGSEND = YES;
				ENABLE_TESTABILITY = YES;
				GCC_C_LANGUAGE_STANDARD = gnu11;
				GCC_DYNAMIC_NO_PIC = NO;
				GCC_NO_COMMON_BLOCKS = YES;
				GCC_OPTIMIZATION_LEVEL = 0;
				GCC_PREPROCESSOR_DEFINITIONS = (
					"DEBUG=1",
					"$(inherited)",
				);
				GCC_WARN_64_TO_32_BIT_CONVERSION = YES;
				GCC_WARN_ABOUT_RETURN_TYPE = YES_ERROR;
				GCC_WARN_UNDECLARED_SELECTOR = YES;
				GCC_WARN_UNINITIALIZED_AUTOS = YES_AGGRESSIVE;
				GCC_WARN_UNUSED_FUNCTION = YES;
				GCC_WARN_UNUSED_VARIABLE = YES;
				IPHONEOS_DEPLOYMENT_TARGET = 10.0;
				MTL_ENABLE_DEBUG_INFO = INCLUDE_SOURCE;
				MTL_FAST_MATH = YES;
				ONLY_ACTIVE_ARCH = YES;
				SDKROOT = iphoneos;
			};
			name = Debug;
		};
		F763BB7E25C6EFE000341E59 /* Release */ = {
			isa = XCBuildConfiguration;
			buildSettings = {
				ALWAYS_SEARCH_USER_PATHS = NO;
				CLANG_ANALYZER_NONNULL = YES;
				CLANG_ANALYZER_NUMBER_OBJECT_CONVERSION = YES_AGGRESSIVE;
				CLANG_CXX_LANGUAGE_STANDARD = "gnu++14";
				CLANG_CXX_LIBRARY = "libc++";
				CLANG_ENABLE_MODULES = YES;
				CLANG_ENABLE_OBJC_ARC = YES;
				CLANG_ENABLE_OBJC_WEAK = YES;
				CLANG_WARN_BLOCK_CAPTURE_AUTORELEASING = YES;
				CLANG_WARN_BOOL_CONVERSION = YES;
				CLANG_WARN_COMMA = YES;
				CLANG_WARN_CONSTANT_CONVERSION = YES;
				CLANG_WARN_DEPRECATED_OBJC_IMPLEMENTATIONS = YES;
				CLANG_WARN_DIRECT_OBJC_ISA_USAGE = YES_ERROR;
				CLANG_WARN_DOCUMENTATION_COMMENTS = YES;
				CLANG_WARN_EMPTY_BODY = YES;
				CLANG_WARN_ENUM_CONVERSION = YES;
				CLANG_WARN_INFINITE_RECURSION = YES;
				CLANG_WARN_INT_CONVERSION = YES;
				CLANG_WARN_NON_LITERAL_NULL_CONVERSION = YES;
				CLANG_WARN_OBJC_IMPLICIT_RETAIN_SELF = YES;
				CLANG_WARN_OBJC_LITERAL_CONVERSION = YES;
				CLANG_WARN_OBJC_ROOT_CLASS = YES_ERROR;
				CLANG_WARN_QUOTED_INCLUDE_IN_FRAMEWORK_HEADER = YES;
				CLANG_WARN_RANGE_LOOP_ANALYSIS = YES;
				CLANG_WARN_STRICT_PROTOTYPES = YES;
				CLANG_WARN_SUSPICIOUS_MOVE = YES;
				CLANG_WARN_UNGUARDED_AVAILABILITY = YES_AGGRESSIVE;
				CLANG_WARN_UNREACHABLE_CODE = YES;
				CLANG_WARN__DUPLICATE_METHOD_MATCH = YES;
				COPY_PHASE_STRIP = NO;
				DEBUG_INFORMATION_FORMAT = "dwarf-with-dsym";
				ENABLE_NS_ASSERTIONS = NO;
				ENABLE_STRICT_OBJC_MSGSEND = YES;
				GCC_C_LANGUAGE_STANDARD = gnu11;
				GCC_NO_COMMON_BLOCKS = YES;
				GCC_WARN_64_TO_32_BIT_CONVERSION = YES;
				GCC_WARN_ABOUT_RETURN_TYPE = YES_ERROR;
				GCC_WARN_UNDECLARED_SELECTOR = YES;
				GCC_WARN_UNINITIALIZED_AUTOS = YES_AGGRESSIVE;
				GCC_WARN_UNUSED_FUNCTION = YES;
				GCC_WARN_UNUSED_VARIABLE = YES;
				IPHONEOS_DEPLOYMENT_TARGET = 10.0;
				MTL_ENABLE_DEBUG_INFO = NO;
				MTL_FAST_MATH = YES;
				SDKROOT = iphoneos;
				VALIDATE_PRODUCT = YES;
			};
			name = Release;
		};
		F763BB8025C6EFE000341E59 /* Debug */ = {
			isa = XCBuildConfiguration;
			baseConfigurationReference = A9F71C2314106CD82661CBB5 /* Pods-Tools.debug.xcconfig */;
			buildSettings = {
				ASSETCATALOG_COMPILER_APPICON_NAME = AppIcon;
				ASSETCATALOG_COMPILER_GLOBAL_ACCENT_COLOR_NAME = AccentColor;
				CODE_SIGN_STYLE = Automatic;
				DEVELOPMENT_TEAM = MD2XSUQQ78;
				INFOPLIST_FILE = Tools/Info.plist;
				LD_RUNPATH_SEARCH_PATHS = (
					"$(inherited)",
					"@executable_path/Frameworks",
				);
				LIBRARY_SEARCH_PATHS = (
					"$(inherited)",
					"$(PROJECT_DIR)/Tools/Record/framework",
				);
				PRODUCT_BUNDLE_IDENTIFIER = DB.Tools;
				PRODUCT_NAME = "$(TARGET_NAME)";
				TARGETED_DEVICE_FAMILY = "1,2";
			};
			name = Debug;
		};
		F763BB8125C6EFE000341E59 /* Release */ = {
			isa = XCBuildConfiguration;
			baseConfigurationReference = 0938B51F5E4591A025DFB517 /* Pods-Tools.release.xcconfig */;
			buildSettings = {
				ASSETCATALOG_COMPILER_APPICON_NAME = AppIcon;
				ASSETCATALOG_COMPILER_GLOBAL_ACCENT_COLOR_NAME = AccentColor;
				CODE_SIGN_STYLE = Automatic;
				DEVELOPMENT_TEAM = MD2XSUQQ78;
				INFOPLIST_FILE = Tools/Info.plist;
				LD_RUNPATH_SEARCH_PATHS = (
					"$(inherited)",
					"@executable_path/Frameworks",
				);
				LIBRARY_SEARCH_PATHS = (
					"$(inherited)",
					"$(PROJECT_DIR)/Tools/Record/framework",
				);
				PRODUCT_BUNDLE_IDENTIFIER = DB.Tools;
				PRODUCT_NAME = "$(TARGET_NAME)";
				TARGETED_DEVICE_FAMILY = "1,2";
			};
			name = Release;
		};
		F763BB8325C6EFE000341E59 /* Debug */ = {
			isa = XCBuildConfiguration;
			buildSettings = {
				BUNDLE_LOADER = "$(TEST_HOST)";
				CODE_SIGN_STYLE = Automatic;
				DEVELOPMENT_TEAM = MD2XSUQQ78;
				INFOPLIST_FILE = ToolsTests/Info.plist;
				IPHONEOS_DEPLOYMENT_TARGET = 14.3;
				LD_RUNPATH_SEARCH_PATHS = (
					"$(inherited)",
					"@executable_path/Frameworks",
					"@loader_path/Frameworks",
				);
				PRODUCT_BUNDLE_IDENTIFIER = DB.ToolsTests;
				PRODUCT_NAME = "$(TARGET_NAME)";
				TARGETED_DEVICE_FAMILY = "1,2";
				TEST_HOST = "$(BUILT_PRODUCTS_DIR)/Tools.app/Tools";
			};
			name = Debug;
		};
		F763BB8425C6EFE000341E59 /* Release */ = {
			isa = XCBuildConfiguration;
			buildSettings = {
				BUNDLE_LOADER = "$(TEST_HOST)";
				CODE_SIGN_STYLE = Automatic;
				DEVELOPMENT_TEAM = MD2XSUQQ78;
				INFOPLIST_FILE = ToolsTests/Info.plist;
				IPHONEOS_DEPLOYMENT_TARGET = 14.3;
				LD_RUNPATH_SEARCH_PATHS = (
					"$(inherited)",
					"@executable_path/Frameworks",
					"@loader_path/Frameworks",
				);
				PRODUCT_BUNDLE_IDENTIFIER = DB.ToolsTests;
				PRODUCT_NAME = "$(TARGET_NAME)";
				TARGETED_DEVICE_FAMILY = "1,2";
				TEST_HOST = "$(BUILT_PRODUCTS_DIR)/Tools.app/Tools";
			};
			name = Release;
		};
		F763BB8625C6EFE000341E59 /* Debug */ = {
			isa = XCBuildConfiguration;
			buildSettings = {
				CODE_SIGN_STYLE = Automatic;
				DEVELOPMENT_TEAM = MD2XSUQQ78;
				INFOPLIST_FILE = ToolsUITests/Info.plist;
				LD_RUNPATH_SEARCH_PATHS = (
					"$(inherited)",
					"@executable_path/Frameworks",
					"@loader_path/Frameworks",
				);
				PRODUCT_BUNDLE_IDENTIFIER = DB.ToolsUITests;
				PRODUCT_NAME = "$(TARGET_NAME)";
				TARGETED_DEVICE_FAMILY = "1,2";
				TEST_TARGET_NAME = Tools;
			};
			name = Debug;
		};
		F763BB8725C6EFE000341E59 /* Release */ = {
			isa = XCBuildConfiguration;
			buildSettings = {
				CODE_SIGN_STYLE = Automatic;
				DEVELOPMENT_TEAM = MD2XSUQQ78;
				INFOPLIST_FILE = ToolsUITests/Info.plist;
				LD_RUNPATH_SEARCH_PATHS = (
					"$(inherited)",
					"@executable_path/Frameworks",
					"@loader_path/Frameworks",
				);
				PRODUCT_BUNDLE_IDENTIFIER = DB.ToolsUITests;
				PRODUCT_NAME = "$(TARGET_NAME)";
				TARGETED_DEVICE_FAMILY = "1,2";
				TEST_TARGET_NAME = Tools;
			};
			name = Release;
		};
/* End XCBuildConfiguration section */

/* Begin XCConfigurationList section */
		F763BB4B25C6EFDE00341E59 /* Build configuration list for PBXProject "Tools" */ = {
			isa = XCConfigurationList;
			buildConfigurations = (
				F763BB7D25C6EFE000341E59 /* Debug */,
				F763BB7E25C6EFE000341E59 /* Release */,
			);
			defaultConfigurationIsVisible = 0;
			defaultConfigurationName = Release;
		};
		F763BB7F25C6EFE000341E59 /* Build configuration list for PBXNativeTarget "Tools" */ = {
			isa = XCConfigurationList;
			buildConfigurations = (
				F763BB8025C6EFE000341E59 /* Debug */,
				F763BB8125C6EFE000341E59 /* Release */,
			);
			defaultConfigurationIsVisible = 0;
			defaultConfigurationName = Release;
		};
		F763BB8225C6EFE000341E59 /* Build configuration list for PBXNativeTarget "ToolsTests" */ = {
			isa = XCConfigurationList;
			buildConfigurations = (
				F763BB8325C6EFE000341E59 /* Debug */,
				F763BB8425C6EFE000341E59 /* Release */,
			);
			defaultConfigurationIsVisible = 0;
			defaultConfigurationName = Release;
		};
		F763BB8525C6EFE000341E59 /* Build configuration list for PBXNativeTarget "ToolsUITests" */ = {
			isa = XCConfigurationList;
			buildConfigurations = (
				F763BB8625C6EFE000341E59 /* Debug */,
				F763BB8725C6EFE000341E59 /* Release */,
			);
			defaultConfigurationIsVisible = 0;
			defaultConfigurationName = Release;
		};
/* End XCConfigurationList section */
	};
	rootObject = F763BB4825C6EFDE00341E59 /* Project object */;
}
